
Microsoft Visual Studio Solution File, Format Version 12.00
# Visual Studio Version 17
VisualStudioVersion = 17.14.36623.8
MinimumVisualStudioVersion = 10.0.40219.1
Project("{FAE04EC0-301F-11D3-BF4B-00C04F79EFBC}") = "Vehicle Management.Api", "Vehicle Management.Api.csproj", "{F29DB7F2-DC44-44D9-AACF-20A6061F92AE}"
EndProject
Project("{FAE04EC0-301F-11D3-BF4B-00C04F79EFBC}") = "Vehicle Management.Application", "..\Vehicle Management.Application\Vehicle Management.Application.csproj", "{363270FE-78FE-4056-BAEC-3AB9FDEE0C68}"
EndProject
Project("{FAE04EC0-301F-11D3-BF4B-00C04F79EFBC}") = "Vehicle Management.Infrastructure", "..\Vehicle Management.Infrastructure\Vehicle Management.Infrastructure.csproj", "{1EAE6FDA-0AB5-4027-BC1A-8A548F980485}"
EndProject
Project("{FAE04EC0-301F-11D3-BF4B-00C04F79EFBC}") = "Vehicle Management.Domain", "..\Vehicle Management.Domain\Vehicle Management.Domain.csproj", "{EAFFFD98-6D05-404B-975B-41612BAE5EF9}"
EndProject
Project("{FAE04EC0-301F-11D3-BF4B-00C04F79EFBC}") = "Vehicle_Management.Tests", "..\DemoProject.Tests\Vehicle_Management.Tests.csproj", "{97C905BA-A4E5-2D53-AD73-3DB25928F6C7}"
EndProject
Global
	GlobalSection(SolutionConfigurationPlatforms) = preSolution
		Debug|Any CPU = Debug|Any CPU
		Release|Any CPU = Release|Any CPU
	EndGlobalSection
	GlobalSection(ProjectConfigurationPlatforms) = postSolution
		{F29DB7F2-DC44-44D9-AACF-20A6061F92AE}.Debug|Any CPU.ActiveCfg = Debug|Any CPU
		{F29DB7F2-DC44-44D9-AACF-20A6061F92AE}.Debug|Any CPU.Build.0 = Debug|Any CPU
		{F29DB7F2-DC44-44D9-AACF-20A6061F92AE}.Release|Any CPU.ActiveCfg = Release|Any CPU
		{F29DB7F2-DC44-44D9-AACF-20A6061F92AE}.Release|Any CPU.Build.0 = Release|Any CPU
		{363270FE-78FE-4056-BAEC-3AB9FDEE0C68}.Debug|Any CPU.ActiveCfg = Debug|Any CPU
		{363270FE-78FE-4056-BAEC-3AB9FDEE0C68}.Debug|Any CPU.Build.0 = Debug|Any CPU
		{363270FE-78FE-4056-BAEC-3AB9FDEE0C68}.Release|Any CPU.ActiveCfg = Release|Any CPU
		{363270FE-78FE-4056-BAEC-3AB9FDEE0C68}.Release|Any CPU.Build.0 = Release|Any CPU
		{1EAE6FDA-0AB5-4027-BC1A-8A548F980485}.Debug|Any CPU.ActiveCfg = Debug|Any CPU
		{1EAE6FDA-0AB5-4027-BC1A-8A548F980485}.Debug|Any CPU.Build.0 = Debug|Any CPU
		{1EAE6FDA-0AB5-4027-BC1A-8A548F980485}.Release|Any CPU.ActiveCfg = Release|Any CPU
		{1EAE6FDA-0AB5-4027-BC1A-8A548F980485}.Release|Any CPU.Build.0 = Release|Any CPU
		{EAFFFD98-6D05-404B-975B-41612BAE5EF9}.Debug|Any CPU.ActiveCfg = Debug|Any CPU
		{EAFFFD98-6D05-404B-975B-41612BAE5EF9}.Debug|Any CPU.Build.0 = Debug|Any CPU
		{EAFFFD98-6D05-404B-975B-41612BAE5EF9}.Release|Any CPU.ActiveCfg = Release|Any CPU
		{EAFFFD98-6D05-404B-975B-41612BAE5EF9}.Release|Any CPU.Build.0 = Release|Any CPU
		{97C905BA-A4E5-2D53-AD73-3DB25928F6C7}.Debug|Any CPU.ActiveCfg = Debug|Any CPU
		{97C905BA-A4E5-2D53-AD73-3DB25928F6C7}.Debug|Any CPU.Build.0 = Debug|Any CPU
		{97C905BA-A4E5-2D53-AD73-3DB25928F6C7}.Release|Any CPU.ActiveCfg = Release|Any CPU
		{97C905BA-A4E5-2D53-AD73-3DB25928F6C7}.Release|Any CPU.Build.0 = Release|Any CPU
	EndGlobalSection
	GlobalSection(SolutionProperties) = preSolution
		HideSolutionNode = FALSE
	EndGlobalSection
	GlobalSection(ExtensibilityGlobals) = postSolution
		SolutionGuid = {3806A38E-6982-45AF-985F-496165A8C457}
	EndGlobalSection
EndGlobal
